# THIS IS AN AUTOGENERATED FILE. DO NOT EDIT THIS FILE DIRECTLY.
# yarn lockfile v1


bs-platform@^5.2.1:
  version "5.2.1"
  resolved "https://registry.yarnpkg.com/bs-platform/-/bs-platform-5.2.1.tgz#3f76f6d4f4c7255296375a8104c8be332770b691"
  integrity sha512-3ISP+RBC/NYILiJnphCY0W3RTYpQ11JGa2dBBLVug5fpFZ0qtSaL3ZplD8MyjNeXX2bC7xgrWfgBSn8Tc9om7Q==

tablecloth-bucklescript@^0.0.6:
  version "0.0.6"
  resolved "https://registry.yarnpkg.com/tablecloth-bucklescript/-/tablecloth-bucklescript-0.0.6.tgz#92b27c4e46ceec47008728367eccd7d5016b3914"
  integrity sha512-rfwtTya+tfPByxsfH0i1GACppzv098wKNGa4YEG9t9m+hpj0T/qpyjA1iOngN9w1iBJaIs4pSUNEAgLf7jWAmw==
